
Microsoft Visual Studio Solution File, Format Version 11.00
# Visual Studio 2010
Project("{8BC9CEB8-8B4A-11D0-8D11-00A0C91BC942}") = "ConfigLib", "src\ConfigLib\ConfigLib.vcxproj", "{77BE9770-F4F7-403A-AA59-08CD9393FD5F}"
EndProject
Project("{8BC9CEB8-8B4A-11D0-8D11-00A0C91BC942}") = "DockLib", "src\DockLib\DockLib.vcxproj", "{35B04865-86FD-4403-B187-2724FEC66BEF}"
EndProject
Project("{8BC9CEB8-8B4A-11D0-8D11-00A0C91BC942}") = "GridView", "src\GridView\GridView.vcxproj", "{4F4988C5-EF1B-4FC0-9905-585907FA1159}"
EndProject
Project("{8BC9CEB8-8B4A-11D0-8D11-00A0C91BC942}") = "HexView", "src\HexView\HexView.vcxproj", "{C5976138-7262-4104-BD78-F08E5C4EBF28}"
EndProject
Project("{8BC9CEB8-8B4A-11D0-8D11-00A0C91BC942}") = "TypeLib", "src\TypeLib\TypeLib.vcxproj", "{55585D8F-707C-465C-959C-EDAE8A6D58F8}"
EndProject
Project("{8BC9CEB8-8B4A-11D0-8D11-00A0C91BC942}") = "TypeView", "src\TypeView\TypeView.vcxproj", "{40FC1001-DEFD-45A3-9AEF-2152DCDDF5E6}"
	ProjectSection(ProjectDependencies) = postProject
		{55585D8F-707C-465C-959C-EDAE8A6D58F8} = {55585D8F-707C-465C-959C-EDAE8A6D58F8}
	EndProjectSection
EndProject
Project("{8BC9CEB8-8B4A-11D0-8D11-00A0C91BC942}") = "HexEdit", "src\HexEdit\HexEdit.vcxproj", "{CCA8E812-0A35-4ABA-B2BC-5D2D69D42949}"
	ProjectSection(ProjectDependencies) = postProject
		{40FC1001-DEFD-45A3-9AEF-2152DCDDF5E6} = {40FC1001-DEFD-45A3-9AEF-2152DCDDF5E6}
		{55585D8F-707C-465C-959C-EDAE8A6D58F8} = {55585D8F-707C-465C-959C-EDAE8A6D58F8}
		{C5976138-7262-4104-BD78-F08E5C4EBF28} = {C5976138-7262-4104-BD78-F08E5C4EBF28}
		{35B04865-86FD-4403-B187-2724FEC66BEF} = {35B04865-86FD-4403-B187-2724FEC66BEF}
		{77BE9770-F4F7-403A-AA59-08CD9393FD5F} = {77BE9770-F4F7-403A-AA59-08CD9393FD5F}
		{4F4988C5-EF1B-4FC0-9905-585907FA1159} = {4F4988C5-EF1B-4FC0-9905-585907FA1159}
	EndProjectSection
EndProject
Global
	GlobalSection(SolutionConfigurationPlatforms) = preSolution
		Debug|Win32 = Debug|Win32
		Debug|x64 = Debug|x64
		Release|Win32 = Release|Win32
		Release|x64 = Release|x64
	EndGlobalSection
	GlobalSection(ProjectConfigurationPlatforms) = postSolution
		{77BE9770-F4F7-403A-AA59-08CD9393FD5F}.Debug|Win32.ActiveCfg = Debug|Win32
		{77BE9770-F4F7-403A-AA59-08CD9393FD5F}.Debug|Win32.Build.0 = Debug|Win32
		{77BE9770-F4F7-403A-AA59-08CD9393FD5F}.Debug|x64.ActiveCfg = Debug|Win32
		{77BE9770-F4F7-403A-AA59-08CD9393FD5F}.Release|Win32.ActiveCfg = Release|Win32
		{77BE9770-F4F7-403A-AA59-08CD9393FD5F}.Release|Win32.Build.0 = Release|Win32
		{77BE9770-F4F7-403A-AA59-08CD9393FD5F}.Release|x64.ActiveCfg = Release|Win32
		{35B04865-86FD-4403-B187-2724FEC66BEF}.Debug|Win32.ActiveCfg = Debug|Win32
		{35B04865-86FD-4403-B187-2724FEC66BEF}.Debug|Win32.Build.0 = Debug|Win32
		{35B04865-86FD-4403-B187-2724FEC66BEF}.Debug|x64.ActiveCfg = Debug|Win32
		{35B04865-86FD-4403-B187-2724FEC66BEF}.Release|Win32.ActiveCfg = Release|Win32
		{35B04865-86FD-4403-B187-2724FEC66BEF}.Release|Win32.Build.0 = Release|Win32
		{35B04865-86FD-4403-B187-2724FEC66BEF}.Release|x64.ActiveCfg = Release|Win32
		{4F4988C5-EF1B-4FC0-9905-585907FA1159}.Debug|Win32.ActiveCfg = Debug|Win32
		{4F4988C5-EF1B-4FC0-9905-585907FA1159}.Debug|Win32.Build.0 = Debug|Win32
		{4F4988C5-EF1B-4FC0-9905-585907FA1159}.Debug|x64.ActiveCfg = Debug|Win32
		{4F4988C5-EF1B-4FC0-9905-585907FA1159}.Release|Win32.ActiveCfg = Release|Win32
		{4F4988C5-EF1B-4FC0-9905-585907FA1159}.Release|Win32.Build.0 = Release|Win32
		{4F4988C5-EF1B-4FC0-9905-585907FA1159}.Release|x64.ActiveCfg = Release|Win32
		{C5976138-7262-4104-BD78-F08E5C4EBF28}.Debug|Win32.ActiveCfg = Debug|Win32
		{C5976138-7262-4104-BD78-F08E5C4EBF28}.Debug|Win32.Build.0 = Debug|Win32
		{C5976138-7262-4104-BD78-F08E5C4EBF28}.Debug|x64.ActiveCfg = Debug|Win32
		{C5976138-7262-4104-BD78-F08E5C4EBF28}.Release|Win32.ActiveCfg = Release|Win32
		{C5976138-7262-4104-BD78-F08E5C4EBF28}.Release|Win32.Build.0 = Release|Win32
		{C5976138-7262-4104-BD78-F08E5C4EBF28}.Release|x64.ActiveCfg = Release|Win32
		{55585D8F-707C-465C-959C-EDAE8A6D58F8}.Debug|Win32.ActiveCfg = Debug|Win32
		{55585D8F-707C-465C-959C-EDAE8A6D58F8}.Debug|Win32.Build.0 = Debug|Win32
		{55585D8F-707C-465C-959C-EDAE8A6D58F8}.Debug|x64.ActiveCfg = Debug|Win32
		{55585D8F-707C-465C-959C-EDAE8A6D58F8}.Release|Win32.ActiveCfg = Release|Win32
		{55585D8F-707C-465C-959C-EDAE8A6D58F8}.Release|Win32.Build.0 = Release|Win32
		{55585D8F-707C-465C-959C-EDAE8A6D58F8}.Release|x64.ActiveCfg = Release|Win32
		{40FC1001-DEFD-45A3-9AEF-2152DCDDF5E6}.Debug|Win32.ActiveCfg = Debug|Win32
		{40FC1001-DEFD-45A3-9AEF-2152DCDDF5E6}.Debug|Win32.Build.0 = Debug|Win32
		{40FC1001-DEFD-45A3-9AEF-2152DCDDF5E6}.Debug|x64.ActiveCfg = Debug|Win32
		{40FC1001-DEFD-45A3-9AEF-2152DCDDF5E6}.Release|Win32.ActiveCfg = Release|Win32
		{40FC1001-DEFD-45A3-9AEF-2152DCDDF5E6}.Release|Win32.Build.0 = Release|Win32
		{40FC1001-DEFD-45A3-9AEF-2152DCDDF5E6}.Release|x64.ActiveCfg = Release|Win32
		{CCA8E812-0A35-4ABA-B2BC-5D2D69D42949}.Debug|Win32.ActiveCfg = Debug|Win32
		{CCA8E812-0A35-4ABA-B2BC-5D2D69D42949}.Debug|Win32.Build.0 = Debug|Win32
		{CCA8E812-0A35-4ABA-B2BC-5D2D69D42949}.Debug|x64.ActiveCfg = Debug|Win32
		{CCA8E812-0A35-4ABA-B2BC-5D2D69D42949}.Release|Win32.ActiveCfg = Release|Win32
		{CCA8E812-0A35-4ABA-B2BC-5D2D69D42949}.Release|Win32.Build.0 = Release|Win32
		{CCA8E812-0A35-4ABA-B2BC-5D2D69D42949}.Release|x64.ActiveCfg = Release|Win32
	EndGlobalSection
	GlobalSection(SolutionProperties) = preSolution
		HideSolutionNode = FALSE
	EndGlobalSection
EndGlobal
